Microsoft Visual Studio Solution File, Format Version 12.00
# Visual Studio Version 17
VisualStudioVersion = 17.5.2.0
MinimumVisualStudioVersion = 10.0.40219.1
Project("{FAE04EC0-301F-11D3-BF4B-00C04F79EFBC}") = "PoolGuard", "PoolGuard.csproj", "{6C73B003-46A6-DA8E-2959-268A87E31044}"
EndProject
Global
	GlobalSection(SolutionConfigurationPlatforms) = preSolution
		Debug|Any CPU = Debug|Any CPU
		Release|Any CPU = Release|Any CPU
	EndGlobalSection
	GlobalSection(ProjectConfigurationPlatforms) = postSolution
		{6C73B003-46A6-DA8E-2959-268A87E31044}.Debug|Any CPU.ActiveCfg = Debug|Any CPU
		{6C73B003-46A6-DA8E-2959-268A87E31044}.Debug|Any CPU.Build.0 = Debug|Any CPU
		{6C73B003-46A6-DA8E-2959-268A87E31044}.Release|Any CPU.ActiveCfg = Release|Any CPU
		{6C73B003-46A6-DA8E-2959-268A87E31044}.Release|Any CPU.Build.0 = Release|Any CPU
	EndGlobalSection
	GlobalSection(SolutionProperties) = preSolution
		HideSolutionNode = FALSE
	EndGlobalSection
	GlobalSection(ExtensibilityGlobals) = postSolution
		SolutionGuid = {818DCD11-2EA8-452C-960F-BC97B579BCFB}
	EndGlobalSection
EndGlobal
